
Microsoft Visual Studio Solution File, Format Version 12.00
Project("{FAE04EC0-301F-11D3-BF4B-00C04F79EFBC}") = "ProductApi.Application", "ProductApi.Application\ProductApi.Application.csproj", "{22673A10-8D27-43BA-8246-CAFD6D9FF0A2}"
EndProject
Project("{FAE04EC0-301F-11D3-BF4B-00C04F79EFBC}") = "ProductApi.Domain", "ProductApi.Domain\ProductApi.Domain.csproj", "{2F10BDD0-4D9A-47D0-9127-36D95C105F7D}"
EndProject
Project("{FAE04EC0-301F-11D3-BF4B-00C04F79EFBC}") = "ProductApi.Infrastructure", "ProductApi.Infrastructure\ProductApi.Infrastructure.csproj", "{AEBA5035-9E55-48DB-908F-9DC607075952}"
EndProject
Project("{FAE04EC0-301F-11D3-BF4B-00C04F79EFBC}") = "ProductApi.Presentation", "ProductApi.Presentation\ProductApi.Presentation.csproj", "{9A961774-DFAB-4569-B5B1-EFCB24E814C7}"
EndProject
Project("{FAE04EC0-301F-11D3-BF4B-00C04F79EFBC}") = "eCommerce.SharedLibrary", "..\ECommerceSharedServices\eCommerce.SharedLibrary\eCommerce.SharedLibrary.csproj", "{39C19505-42E4-489D-9A4A-9FC9C42FCAF3}"
EndProject
Global
	GlobalSection(SolutionConfigurationPlatforms) = preSolution
		Debug|Any CPU = Debug|Any CPU
		Release|Any CPU = Release|Any CPU
	EndGlobalSection
	GlobalSection(ProjectConfigurationPlatforms) = postSolution
		{22673A10-8D27-43BA-8246-CAFD6D9FF0A2}.Debug|Any CPU.ActiveCfg = Debug|Any CPU
		{22673A10-8D27-43BA-8246-CAFD6D9FF0A2}.Debug|Any CPU.Build.0 = Debug|Any CPU
		{22673A10-8D27-43BA-8246-CAFD6D9FF0A2}.Release|Any CPU.ActiveCfg = Release|Any CPU
		{22673A10-8D27-43BA-8246-CAFD6D9FF0A2}.Release|Any CPU.Build.0 = Release|Any CPU
		{2F10BDD0-4D9A-47D0-9127-36D95C105F7D}.Debug|Any CPU.ActiveCfg = Debug|Any CPU
		{2F10BDD0-4D9A-47D0-9127-36D95C105F7D}.Debug|Any CPU.Build.0 = Debug|Any CPU
		{2F10BDD0-4D9A-47D0-9127-36D95C105F7D}.Release|Any CPU.ActiveCfg = Release|Any CPU
		{2F10BDD0-4D9A-47D0-9127-36D95C105F7D}.Release|Any CPU.Build.0 = Release|Any CPU
		{AEBA5035-9E55-48DB-908F-9DC607075952}.Debug|Any CPU.ActiveCfg = Debug|Any CPU
		{AEBA5035-9E55-48DB-908F-9DC607075952}.Debug|Any CPU.Build.0 = Debug|Any CPU
		{AEBA5035-9E55-48DB-908F-9DC607075952}.Release|Any CPU.ActiveCfg = Release|Any CPU
		{AEBA5035-9E55-48DB-908F-9DC607075952}.Release|Any CPU.Build.0 = Release|Any CPU
		{9A961774-DFAB-4569-B5B1-EFCB24E814C7}.Debug|Any CPU.ActiveCfg = Debug|Any CPU
		{9A961774-DFAB-4569-B5B1-EFCB24E814C7}.Debug|Any CPU.Build.0 = Debug|Any CPU
		{9A961774-DFAB-4569-B5B1-EFCB24E814C7}.Release|Any CPU.ActiveCfg = Release|Any CPU
		{9A961774-DFAB-4569-B5B1-EFCB24E814C7}.Release|Any CPU.Build.0 = Release|Any CPU
		{39C19505-42E4-489D-9A4A-9FC9C42FCAF3}.Debug|Any CPU.ActiveCfg = Debug|Any CPU
		{39C19505-42E4-489D-9A4A-9FC9C42FCAF3}.Debug|Any CPU.Build.0 = Debug|Any CPU
		{39C19505-42E4-489D-9A4A-9FC9C42FCAF3}.Release|Any CPU.ActiveCfg = Release|Any CPU
		{39C19505-42E4-489D-9A4A-9FC9C42FCAF3}.Release|Any CPU.Build.0 = Release|Any CPU
	EndGlobalSection
EndGlobal
